
Microsoft Visual Studio Solution File, Format Version 12.00
# Visual Studio 14
VisualStudioVersion = 14.0.25420.1
MinimumVisualStudioVersion = 10.0.40219.1
Project("{FAE04EC0-301F-11D3-BF4B-00C04F79EFBC}") = "HotelService", "HotelService\HotelService.csproj", "{AD282977-64D4-4685-BB2E-3608E4AE936C}"
EndProject
Project("{E24C65DC-7377-472B-9ABA-BC803B73C61A}") = "HotelHost", "HotelHost\", "{54AB37E1-1B7E-4075-9DB5-11C0FA6A5175}"
	ProjectSection(WebsiteProperties) = preProject
		TargetFrameworkMoniker = ".NETFramework,Version%3Dv4.5.2"
		ProjectReferences = "{ad282977-64d4-4685-bb2e-3608e4ae936c}|HotelService.dll;"
		Debug.AspNetCompiler.VirtualPath = "/localhost_24511"
		Debug.AspNetCompiler.PhysicalPath = "HotelHost\"
		Debug.AspNetCompiler.TargetPath = "PrecompiledWeb\localhost_24511\"
		Debug.AspNetCompiler.Updateable = "true"
		Debug.AspNetCompiler.ForceOverwrite = "true"
		Debug.AspNetCompiler.FixedNames = "false"
		Debug.AspNetCompiler.Debug = "True"
		Release.AspNetCompiler.VirtualPath = "/localhost_24511"
		Release.AspNetCompiler.PhysicalPath = "HotelHost\"
		Release.AspNetCompiler.TargetPath = "PrecompiledWeb\localhost_24511\"
		Release.AspNetCompiler.Updateable = "true"
		Release.AspNetCompiler.ForceOverwrite = "true"
		Release.AspNetCompiler.FixedNames = "false"
		Release.AspNetCompiler.Debug = "False"
		VWDPort = "24511"
		SlnRelativePath = "HotelHost\"
		DefaultWebSiteLanguage = "Visual C#"
	EndProjectSection
EndProject
Project("{FAE04EC0-301F-11D3-BF4B-00C04F79EFBC}") = "HotelGudangApp", "HotelGudangApp\HotelGudangApp.csproj", "{D0DE504C-FC3E-4C28-B716-DE58913060A4}"
EndProject
Project("{FAE04EC0-301F-11D3-BF4B-00C04F79EFBC}") = "HotelWebApp", "HotelWebApp\HotelWebApp.csproj", "{2661D3CB-4FEC-41B7-AC7A-12F83FB167D5}"
EndProject
Global
	GlobalSection(SolutionConfigurationPlatforms) = preSolution
		Debug|Any CPU = Debug|Any CPU
		Release|Any CPU = Release|Any CPU
	EndGlobalSection
	GlobalSection(ProjectConfigurationPlatforms) = postSolution
		{AD282977-64D4-4685-BB2E-3608E4AE936C}.Debug|Any CPU.ActiveCfg = Debug|Any CPU
		{AD282977-64D4-4685-BB2E-3608E4AE936C}.Debug|Any CPU.Build.0 = Debug|Any CPU
		{AD282977-64D4-4685-BB2E-3608E4AE936C}.Release|Any CPU.ActiveCfg = Release|Any CPU
		{AD282977-64D4-4685-BB2E-3608E4AE936C}.Release|Any CPU.Build.0 = Release|Any CPU
		{54AB37E1-1B7E-4075-9DB5-11C0FA6A5175}.Debug|Any CPU.ActiveCfg = Debug|Any CPU
		{54AB37E1-1B7E-4075-9DB5-11C0FA6A5175}.Debug|Any CPU.Build.0 = Debug|Any CPU
		{54AB37E1-1B7E-4075-9DB5-11C0FA6A5175}.Release|Any CPU.ActiveCfg = Debug|Any CPU
		{54AB37E1-1B7E-4075-9DB5-11C0FA6A5175}.Release|Any CPU.Build.0 = Debug|Any CPU
		{D0DE504C-FC3E-4C28-B716-DE58913060A4}.Debug|Any CPU.ActiveCfg = Debug|Any CPU
		{D0DE504C-FC3E-4C28-B716-DE58913060A4}.Debug|Any CPU.Build.0 = Debug|Any CPU
		{D0DE504C-FC3E-4C28-B716-DE58913060A4}.Release|Any CPU.ActiveCfg = Release|Any CPU
		{D0DE504C-FC3E-4C28-B716-DE58913060A4}.Release|Any CPU.Build.0 = Release|Any CPU
		{2661D3CB-4FEC-41B7-AC7A-12F83FB167D5}.Debug|Any CPU.ActiveCfg = Debug|Any CPU
		{2661D3CB-4FEC-41B7-AC7A-12F83FB167D5}.Debug|Any CPU.Build.0 = Debug|Any CPU
		{2661D3CB-4FEC-41B7-AC7A-12F83FB167D5}.Release|Any CPU.ActiveCfg = Release|Any CPU
		{2661D3CB-4FEC-41B7-AC7A-12F83FB167D5}.Release|Any CPU.Build.0 = Release|Any CPU
	EndGlobalSection
	GlobalSection(SolutionProperties) = preSolution
		HideSolutionNode = FALSE
	EndGlobalSection
EndGlobal
